
Microsoft Visual Studio Solution File, Format Version 12.00
# Visual Studio 2015
Project("{FAE04EC0-301F-11D3-BF4B-00C04F79EFBC}") = "Scrapyard.CSharp.Plugins", "Scrapyard.CSharp.Plugins.csproj", "{6717EEA9-C281-9443-577A-17A64922C531}"
EndProject
Project("{FAE04EC0-301F-11D3-BF4B-00C04F79EFBC}") = "Scrapyard.CSharp", "Scrapyard.CSharp.csproj", "{A94DF79F-BC5E-EA4E-1776-0844D4C6BBB0}"
EndProject
Project("{FAE04EC0-301F-11D3-BF4B-00C04F79EFBC}") = "Scrapyard.CSharp.Editor", "Scrapyard.CSharp.Editor.csproj", "{AD28F294-EBCA-B440-BA5F-BEC31DBAEF89}"
EndProject
Global
	GlobalSection(SolutionConfigurationPlatforms) = preSolution
		Debug|Any CPU = Debug|Any CPU
		Release|Any CPU = Release|Any CPU
	EndGlobalSection
	GlobalSection(ProjectConfigurationPlatforms) = postSolution
		{6717EEA9-C281-9443-577A-17A64922C531}.Debug|Any CPU.ActiveCfg = Debug|Any CPU
		{6717EEA9-C281-9443-577A-17A64922C531}.Debug|Any CPU.Build.0 = Debug|Any CPU
		{6717EEA9-C281-9443-577A-17A64922C531}.Release|Any CPU.ActiveCfg = Release|Any CPU
		{6717EEA9-C281-9443-577A-17A64922C531}.Release|Any CPU.Build.0 = Release|Any CPU
		{A94DF79F-BC5E-EA4E-1776-0844D4C6BBB0}.Debug|Any CPU.ActiveCfg = Debug|Any CPU
		{A94DF79F-BC5E-EA4E-1776-0844D4C6BBB0}.Debug|Any CPU.Build.0 = Debug|Any CPU
		{A94DF79F-BC5E-EA4E-1776-0844D4C6BBB0}.Release|Any CPU.ActiveCfg = Release|Any CPU
		{A94DF79F-BC5E-EA4E-1776-0844D4C6BBB0}.Release|Any CPU.Build.0 = Release|Any CPU
		{AD28F294-EBCA-B440-BA5F-BEC31DBAEF89}.Debug|Any CPU.ActiveCfg = Debug|Any CPU
		{AD28F294-EBCA-B440-BA5F-BEC31DBAEF89}.Debug|Any CPU.Build.0 = Debug|Any CPU
		{AD28F294-EBCA-B440-BA5F-BEC31DBAEF89}.Release|Any CPU.ActiveCfg = Release|Any CPU
		{AD28F294-EBCA-B440-BA5F-BEC31DBAEF89}.Release|Any CPU.Build.0 = Release|Any CPU
	EndGlobalSection
	GlobalSection(SolutionProperties) = preSolution
		HideSolutionNode = FALSE
	EndGlobalSection
EndGlobal
